
Microsoft Visual Studio Solution File, Format Version 12.00
# Visual Studio Version 17
VisualStudioVersion = 17.7.34202.233
MinimumVisualStudioVersion = 10.0.40219.1
Project("{FAE04EC0-301F-11D3-BF4B-00C04F79EFBC}") = "ConsoleApp1", "ConsoleApp1\ConsoleApp1.csproj", "{7F545A2B-2C07-485B-B2AD-CEA40372D98A}"
EndProject
Global
	GlobalSection(SolutionConfigurationPlatforms) = preSolution
		Debug|Any CPU = Debug|Any CPU
		Release|Any CPU = Release|Any CPU
	EndGlobalSection
	GlobalSection(ProjectConfigurationPlatforms) = postSolution
		{7F545A2B-2C07-485B-B2AD-CEA40372D98A}.Debug|Any CPU.ActiveCfg = Debug|Any CPU
		{7F545A2B-2C07-485B-B2AD-CEA40372D98A}.Debug|Any CPU.Build.0 = Debug|Any CPU
		{7F545A2B-2C07-485B-B2AD-CEA40372D98A}.Release|Any CPU.ActiveCfg = Release|Any CPU
		{7F545A2B-2C07-485B-B2AD-CEA40372D98A}.Release|Any CPU.Build.0 = Release|Any CPU
	EndGlobalSection
	GlobalSection(SolutionProperties) = preSolution
		HideSolutionNode = FALSE
	EndGlobalSection
	GlobalSection(ExtensibilityGlobals) = postSolution
		SolutionGuid = {AC1D827E-E1EC-4DAC-A7F6-265509F79BF4}
	EndGlobalSection
EndGlobal
